
Microsoft Visual Studio Solution File, Format Version 12.00
# Visual Studio Version 17
VisualStudioVersion = 17.13.35931.197 d17.13
MinimumVisualStudioVersion = 10.0.40219.1
Project("{FAE04EC0-301F-11D3-BF4B-00C04F79EFBC}") = "LoginAPI", "LoginAPI.csproj", "{2DD4B1EA-7453-4A62-8B46-476566E1A0E1}"
EndProject
Global
	GlobalSection(SolutionConfigurationPlatforms) = preSolution
		Debug|Any CPU = Debug|Any CPU
		Release|Any CPU = Release|Any CPU
	EndGlobalSection
	GlobalSection(ProjectConfigurationPlatforms) = postSolution
		{2DD4B1EA-7453-4A62-8B46-476566E1A0E1}.Debug|Any CPU.ActiveCfg = Debug|Any CPU
		{2DD4B1EA-7453-4A62-8B46-476566E1A0E1}.Debug|Any CPU.Build.0 = Debug|Any CPU
		{2DD4B1EA-7453-4A62-8B46-476566E1A0E1}.Release|Any CPU.ActiveCfg = Release|Any CPU
		{2DD4B1EA-7453-4A62-8B46-476566E1A0E1}.Release|Any CPU.Build.0 = Release|Any CPU
	EndGlobalSection
	GlobalSection(SolutionProperties) = preSolution
		HideSolutionNode = FALSE
	EndGlobalSection
	GlobalSection(ExtensibilityGlobals) = postSolution
		SolutionGuid = {6F8B9AE9-5126-4D30-94CB-748637913350}
	EndGlobalSection
EndGlobal
